<?xml version="1.0" encoding="utf-8"?>
<Project ToolsVersion="4.0" xmlns="http://schemas.microsoft.com/developer/msbuild/2003">
  <ItemGroup>
    <Filter Include="include">
      <UniqueIdentifier>{4799d8d6-4ba8-41ff-b722-ada27cde3703}</UniqueIdentifier>
    </Filter>
    <Filter Include="example">
      <UniqueIdentifier>{4FC737F1-C7A5-4376-A066-2A32D752A2FF}</UniqueIdentifier>
      <Extensions>cpp;c;cc;cxx;c++;cppm;ixx;def;odl;idl;hpj;bat;asm;asmx</Extensions>
    </Filter>
    <Filter Include="example\include">
      <UniqueIdentifier>{5d54512e-9d49-4efe-a6e3-3137c9079a6a}</UniqueIdentifier>
    </Filter>
    <Filter Include="example\include\entt">
      <UniqueIdentifier>{921dc112-63b0-408f-98b2-d0f7499a2785}</UniqueIdentifier>
    </Filter>
    <Filter Include="example\simple classes">
      <UniqueIdentifier>{40483c13-c743-494e-8798-4332e789257e}</UniqueIdentifier>
    </Filter>
    <Filter Include="example\dervied classes">
      <UniqueIdentifier>{65fc910a-f2bc-43a0-9d29-4d8721cff135}</UniqueIdentifier>
    </Filter>
    <Filter Include="example\task system">
      <UniqueIdentifier>{2ce2632c-26ca-40fc-8301-8f9389d3bfab}</UniqueIdentifier>
    </Filter>
  </ItemGroup>
  <ItemGroup>
    <ClInclude Include="..\include\Meta.hpp">
      <Filter>include</Filter>
    </ClInclude>
    <ClInclude Include="..\example\include\entt\src\entt\graph\adjacency_matrix.hpp">
      <Filter>example\include\entt</Filter>
    </ClInclude>
    <ClInclude Include="..\example\include\entt\src\entt\graph\dot.hpp">
      <Filter>example\include\entt</Filter>
    </ClInclude>
    <ClInclude Include="..\example\include\entt\src\entt\graph\flow.hpp">
      <Filter>example\include\entt</Filter>
    </ClInclude>
    <ClInclude Include="..\example\MetaResourceList.h">
      <Filter>example</Filter>
    </ClInclude>
    <ClInclude Include="..\include\MetaResourceVisitor.hpp">
      <Filter>include</Filter>
    </ClInclude>
    <ClInclude Include="..\example\CBar.h">
      <Filter>example\simple classes</Filter>
    </ClInclude>
    <ClInclude Include="..\example\CBar.meta.h">
      <Filter>example\simple classes</Filter>
    </ClInclude>
    <ClInclude Include="..\example\CFoo.h">
      <Filter>example\simple classes</Filter>
    </ClInclude>
    <ClInclude Include="..\example\CFoo.meta.h">
      <Filter>example\simple classes</Filter>
    </ClInclude>
    <ClInclude Include="..\example\CFooBar.h">
      <Filter>example\dervied classes</Filter>
    </ClInclude>
    <ClInclude Include="..\example\IFooBar.h">
      <Filter>example\dervied classes</Filter>
    </ClInclude>
    <ClInclude Include="..\example\FooBar.meta.h">
      <Filter>example\dervied classes</Filter>
    </ClInclude>
    <ClInclude Include="..\example\CTaskScheduler.h">
      <Filter>example\task system</Filter>
    </ClInclude>
    <ClInclude Include="..\example\Task.hpp">
      <Filter>example\task system</Filter>
    </ClInclude>
    <ClInclude Include="..\example\CBarFoo.h">
      <Filter>example\dervied classes</Filter>
    </ClInclude>
  </ItemGroup>
  <ItemGroup>
    <ClCompile Include="..\example\main.cpp">
      <Filter>example</Filter>
    </ClCompile>
    <ClCompile Include="..\example\CTaskScheduler.cpp">
      <Filter>example\task system</Filter>
    </ClCompile>
  </ItemGroup>
</Project>